// !$*UTF8*$!
{
	archiveVersion = 1;
	classes = {
	};
	objectVersion = 46;
	objects = {

/* Begin PBXBuildFile section */
		C0DAD4B41A3E7F9F00BE24A8 /* AppDelegate.swift in Sources */ = {isa = PBXBuildFile; fileRef = C0DAD4B31A3E7F9F00BE24A8 /* AppDelegate.swift */; };
		C0DAD4B61A3E7F9F00BE24A8 /* ViewController.swift in Sources */ = {isa = PBXBuildFile; fileRef = C0DAD4B51A3E7F9F00BE24A8 /* ViewController.swift */; };
		C0DAD4B91A3E7F9F00BE24A8 /* Main.storyboard in Resources */ = {isa = PBXBuildFile; fileRef = C0DAD4B71A3E7F9F00BE24A8 /* Main.storyboard */; };
		C0DAD4BB1A3E7F9F00BE24A8 /* Images.xcassets in Resources */ = {isa = PBXBuildFile; fileRef = C0DAD4BA1A3E7F9F00BE24A8 /* Images.xcassets */; };
		C0DAD4BE1A3E7F9F00BE24A8 /* LaunchScreen.xib in Resources */ = {isa = PBXBuildFile; fileRef = C0DAD4BC1A3E7F9F00BE24A8 /* LaunchScreen.xib */; };
		C0DAD4CA1A3E7F9F00BE24A8 /* instabtbuTests.swift in Sources */ = {isa = PBXBuildFile; fileRef = C0DAD4C91A3E7F9F00BE24A8 /* instabtbuTests.swift */; };
/* End PBXBuildFile section */

/* Begin PBXContainerItemProxy section */
		C0DAD4C41A3E7F9F00BE24A8 /* PBXContainerItemProxy */ = {
			isa = PBXContainerItemProxy;
			containerPortal = C0DAD4A61A3E7F9F00BE24A8 /* Project object */;
			proxyType = 1;
			remoteGlobalIDString = C0DAD4AD1A3E7F9F00BE24A8;
			remoteInfo = instabtbu;
		};
/* End PBXContainerItemProxy section */

/* Begin PBXFileReference section */
		C0DAD4AE1A3E7F9F00BE24A8 /* instabtbu.app */ = {isa = PBXFileReference; explicitFileType = wrapper.application; includeInIndex = 0; path = instabtbu.app; sourceTree = BUILT_PRODUCTS_DIR; };
		C0DAD4B21A3E7F9F00BE24A8 /* Info.plist */ = {isa = PBXFileReference; lastKnownFileType = text.plist.xml; path = Info.plist; sourceTree = "<group>"; };
		C0DAD4B31A3E7F9F00BE24A8 /* AppDelegate.swift */ = {isa = PBXFileReference; lastKnownFileType = sourcecode.swift; path = AppDelegate.swift; sourceTree = "<group>"; };
		C0DAD4B51A3E7F9F00BE24A8 /* ViewController.swift */ = {isa = PBXFileReference; lastKnownFileType = sourcecode.swift; path = ViewController.swift; sourceTree = "<group>"; };
		C0DAD4B81A3E7F9F00BE24A8 /* Base */ = {isa = PBXFileReference; lastKnownFileType = file.storyboard; name = Base; path = Base.lproj/Main.storyboard; sourceTree = "<group>"; };
		C0DAD4BA1A3E7F9F00BE24A8 /* Images.xcassets */ = {isa = PBXFileReference; lastKnownFileType = folder.assetcatalog; path = Images.xcassets; sourceTree = "<group>"; };
		C0DAD4BD1A3E7F9F00BE24A8 /* Base */ = {isa = PBXFileReference; lastKnownFileType = file.xib; name = Base; path = Base.lproj/LaunchScreen.xib; sourceTree = "<group>"; };
		C0DAD4C31A3E7F9F00BE24A8 /* instabtbuTests.xctest */ = {isa = PBXFileReference; explicitFileType = wrapper.cfbundle; includeInIndex = 0; path = instabtbuTests.xctest; sourceTree = BUILT_PRODUCTS_DIR; };
		C0DAD4C81A3E7F9F00BE24A8 /* Info.plist */ = {isa = PBXFileReference; lastKnownFileType = text.plist.xml; path = Info.plist; sourceTree = "<group>"; };
		C0DAD4C91A3E7F9F00BE24A8 /* instabtbuTests.swift */ = {isa = PBXFileReference; lastKnownFileType = sourcecode.swift; path = instabtbuTests.swift; sourceTree = "<group>"; };
/* End PBXFileReference section */

/* Begin PBXFrameworksBuildPhase section */
		C0DAD4AB1A3E7F9F00BE24A8 /* Frameworks */ = {
			isa = PBXFrameworksBuildPhase;
			buildActionMask = 2147483647;
			files = (
			);
			runOnlyForDeploymentPostprocessing = 0;
		};
		C0DAD4C01A3E7F9F00BE24A8 /* Frameworks */ = {
			isa = PBXFrameworksBuildPhase;
			buildActionMask = 2147483647;
			files = (
			);
			runOnlyForDeploymentPostprocessing = 0;
		};
/* End PBXFrameworksBuildPhase section */

/* Begin PBXGroup section */
		C0DAD4A51A3E7F9F00BE24A8 = {
			isa = PBXGroup;
			children = (
				C0DAD4B01A3E7F9F00BE24A8 /* instabtbu */,
				C0DAD4C61A3E7F9F00BE24A8 /* instabtbuTests */,
				C0DAD4AF1A3E7F9F00BE24A8 /* Products */,
			);
			sourceTree = "<group>";
		};
		C0DAD4AF1A3E7F9F00BE24A8 /* Products */ = {
			isa = PBXGroup;
			children = (
				C0DAD4AE1A3E7F9F00BE24A8 /* instabtbu.app */,
				C0DAD4C31A3E7F9F00BE24A8 /* instabtbuTests.xctest */,
			);
			name = Products;
			sourceTree = "<group>";
		};
		C0DAD4B01A3E7F9F00BE24A8 /* instabtbu */ = {
			isa = PBXGroup;
			children = (
				C0DAD4B31A3E7F9F00BE24A8 /* AppDelegate.swift */,
				C0DAD4B51A3E7F9F00BE24A8 /* ViewController.swift */,
				C0DAD4B71A3E7F9F00BE24A8 /* Main.storyboard */,
				C0DAD4BA1A3E7F9F00BE24A8 /* Images.xcassets */,
				C0DAD4BC1A3E7F9F00BE24A8 /* LaunchScreen.xib */,
				C0DAD4B11A3E7F9F00BE24A8 /* Supporting Files */,
			);
			path = instabtbu;
			sourceTree = "<group>";
		};
		C0DAD4B11A3E7F9F00BE24A8 /* Supporting Files */ = {
			isa = PBXGroup;
			children = (
				C0DAD4B21A3E7F9F00BE24A8 /* Info.plist */,
			);
			name = "Supporting Files";
			sourceTree = "<group>";
		};
		C0DAD4C61A3E7F9F00BE24A8 /* instabtbuTests */ = {
			isa = PBXGroup;
			children = (
				C0DAD4C91A3E7F9F00BE24A8 /* instabtbuTests.swift */,
				C0DAD4C71A3E7F9F00BE24A8 /* Supporting Files */,
			);
			path = instabtbuTests;
			sourceTree = "<group>";
		};
		C0DAD4C71A3E7F9F00BE24A8 /* Supporting Files */ = {
			isa = PBXGroup;
			children = (
				C0DAD4C81A3E7F9F00BE24A8 /* Info.plist */,
			);
			name = "Supporting Files";
			sourceTree = "<group>";
		};
/* End PBXGroup section */

/* Begin PBXNativeTarget section */
		C0DAD4AD1A3E7F9F00BE24A8 /* instabtbu */ = {
			isa = PBXNativeTarget;
			buildConfigurationList = C0DAD4CD1A3E7F9F00BE24A8 /* Build configuration list for PBXNativeTarget "instabtbu" */;
			buildPhases = (
				C0DAD4AA1A3E7F9F00BE24A8 /* Sources */,
				C0DAD4AB1A3E7F9F00BE24A8 /* Frameworks */,
				C0DAD4AC1A3E7F9F00BE24A8 /* Resources */,
			);
			buildRules = (
			);
			dependencies = (
			);
			name = instabtbu;
			productName = instabtbu;
			productReference = C0DAD4AE1A3E7F9F00BE24A8 /* instabtbu.app */;
			productType = "com.apple.product-type.application";
		};
		C0DAD4C21A3E7F9F00BE24A8 /* instabtbuTests */ = {
			isa = PBXNativeTarget;
			buildConfigurationList = C0DAD4D01A3E7F9F00BE24A8 /* Build configuration list for PBXNativeTarget "instabtbuTests" */;
			buildPhases = (
				C0DAD4BF1A3E7F9F00BE24A8 /* Sources */,
				C0DAD4C01A3E7F9F00BE24A8 /* Frameworks */,
				C0DAD4C11A3E7F9F00BE24A8 /* Resources */,
			);
			buildRules = (
			);
			dependencies = (
				C0DAD4C51A3E7F9F00BE24A8 /* PBXTargetDependency */,
			);
			name = instabtbuTests;
			productName = instabtbuTests;
			productReference = C0DAD4C31A3E7F9F00BE24A8 /* instabtbuTests.xctest */;
			productType = "com.apple.product-type.bundle.unit-test";
		};
/* End PBXNativeTarget section */

/* Begin PBXProject section */
		C0DAD4A61A3E7F9F00BE24A8 /* Project object */ = {
			isa = PBXProject;
			attributes = {
				LastUpgradeCheck = 0610;
				ORGANIZATIONNAME = "杨培文";
				TargetAttributes = {
					C0DAD4AD1A3E7F9F00BE24A8 = {
						CreatedOnToolsVersion = 6.1.1;
					};
					C0DAD4C21A3E7F9F00BE24A8 = {
						CreatedOnToolsVersion = 6.1.1;
						TestTargetID = C0DAD4AD1A3E7F9F00BE24A8;
					};
				};
			};
			buildConfigurationList = C0DAD4A91A3E7F9F00BE24A8 /* Build configuration list for PBXProject "instabtbu" */;
			compatibilityVersion = "Xcode 3.2";
			developmentRegion = English;
			hasScannedForEncodings = 0;
			knownRegions = (
				en,
				Base,
			);
			mainGroup = C0DAD4A51A3E7F9F00BE24A8;
			productRefGroup = C0DAD4AF1A3E7F9F00BE24A8 /* Products */;
			projectDirPath = "";
			projectRoot = "";
			targets = (
				C0DAD4AD1A3E7F9F00BE24A8 /* instabtbu */,
				C0DAD4C21A3E7F9F00BE24A8 /* instabtbuTests */,
			);
		};
/* End PBXProject section */

/* Begin PBXResourcesBuildPhase section */
		C0DAD4AC1A3E7F9F00BE24A8 /* Resources */ = {
			isa = PBXResourcesBuildPhase;
			buildActionMask = 2147483647;
			files = (
				C0DAD4B91A3E7F9F00BE24A8 /* Main.storyboard in Resources */,
				C0DAD4BE1A3E7F9F00BE24A8 /* LaunchScreen.xib in Resources */,
				C0DAD4BB1A3E7F9F00BE24A8 /* Images.xcassets in Resources */,
			);
			runOnlyForDeploymentPostprocessing = 0;
		};
		C0DAD4C11A3E7F9F00BE24A8 /* Resources */ = {
			isa = PBXResourcesBuildPhase;
			buildActionMask = 2147483647;
			files = (
			);
			runOnlyForDeploymentPostprocessing = 0;
		};
/* End PBXResourcesBuildPhase section */

/* Begin PBXSourcesBuildPhase section */
		C0DAD4AA1A3E7F9F00BE24A8 /* Sources */ = {
			isa = PBXSourcesBuildPhase;
			buildActionMask = 2147483647;
			files = (
				C0DAD4B61A3E7F9F00BE24A8 /* ViewController.swift in Sources */,
				C0DAD4B41A3E7F9F00BE24A8 /* AppDelegate.swift in Sources */,
			);
			runOnlyForDeploymentPostprocessing = 0;
		};
		C0DAD4BF1A3E7F9F00BE24A8 /* Sources */ = {
			isa = PBXSourcesBuildPhase;
			buildActionMask = 2147483647;
			files = (
				C0DAD4CA1A3E7F9F00BE24A8 /* instabtbuTests.swift in Sources */,
			);
			runOnlyForDeploymentPostprocessing = 0;
		};
/* End PBXSourcesBuildPhase section */

/* Begin PBXTargetDependency section */
		C0DAD4C51A3E7F9F00BE24A8 /* PBXTargetDependency */ = {
			isa = PBXTargetDependency;
			target = C0DAD4AD1A3E7F9F00BE24A8 /* instabtbu */;
			targetProxy = C0DAD4C41A3E7F9F00BE24A8 /* PBXContainerItemProxy */;
		};
/* End PBXTargetDependency section */

/* Begin PBXVariantGroup section */
		C0DAD4B71A3E7F9F00BE24A8 /* Main.storyboard */ = {
			isa = PBXVariantGroup;
			children = (
				C0DAD4B81A3E7F9F00BE24A8 /* Base */,
			);
			name = Main.storyboard;
			sourceTree = "<group>";
		};
		C0DAD4BC1A3E7F9F00BE24A8 /* LaunchScreen.xib */ = {
			isa = PBXVariantGroup;
			children = (
				C0DAD4BD1A3E7F9F00BE24A8 /* Base */,
			);
			name = LaunchScreen.xib;
			sourceTree = "<group>";
		};
/* End PBXVariantGroup section */

/* Begin XCBuildConfiguration section */
		C0DAD4CB1A3E7F9F00BE24A8 /* Debug */ = {
			isa = XCBuildConfiguration;
			buildSettings = {
				ALWAYS_SEARCH_USER_PATHS = NO;
				CLANG_CXX_LANGUAGE_STANDARD = "gnu++0x";
				CLANG_CXX_LIBRARY = "libc++";
				CLANG_ENABLE_MODULES = YES;
				CLANG_ENABLE_OBJC_ARC = YES;
				CLANG_WARN_BOOL_CONVERSION = YES;
				CLANG_WARN_CONSTANT_CONVERSION = YES;
				CLANG_WARN_DIRECT_OBJC_ISA_USAGE = YES_ERROR;
				CLANG_WARN_EMPTY_BODY = YES;
				CLANG_WARN_ENUM_CONVERSION = YES;
				CLANG_WARN_INT_CONVERSION = YES;
				CLANG_WARN_OBJC_ROOT_CLASS = YES_ERROR;
				CLANG_WARN_UNREACHABLE_CODE = YES;
				CLANG_WARN__DUPLICATE_METHOD_MATCH = YES;
				"CODE_SIGN_IDENTITY[sdk=iphoneos*]" = "iPhone Developer";
				COPY_PHASE_STRIP = NO;
				ENABLE_STRICT_OBJC_MSGSEND = YES;
				GCC_C_LANGUAGE_STANDARD = gnu99;
				GCC_DYNAMIC_NO_PIC = NO;
				GCC_OPTIMIZATION_LEVEL = 0;
				GCC_PREPROCESSOR_DEFINITIONS = (
					"DEBUG=1",
					"$(inherited)",
				);
				GCC_SYMBOLS_PRIVATE_EXTERN = NO;
				GCC_WARN_64_TO_32_BIT_CONVERSION = YES;
				GCC_WARN_ABOUT_RETURN_TYPE = YES_ERROR;
				GCC_WARN_UNDECLARED_SELECTOR = YES;
				GCC_WARN_UNINITIALIZED_AUTOS = YES_AGGRESSIVE;
				GCC_WARN_UNUSED_FUNCTION = YES;
				GCC_WARN_UNUSED_VARIABLE = YES;
				IPHONEOS_DEPLOYMENT_TARGET = 8.1;
				MTL_ENABLE_DEBUG_INFO = YES;
				ONLY_ACTIVE_ARCH = YES;
				SDKROOT = iphoneos;
				SWIFT_OPTIMIZATION_LEVEL = "-Onone";
				TARGETED_DEVICE_FAMILY = "1,2";
			};
			name = Debug;
		};
		C0DAD4CC1A3E7F9F00BE24A8 /* Release */ = {
			isa = XCBuildConfiguration;
			buildSettings = {
				ALWAYS_SEARCH_USER_PATHS = NO;
				CLANG_CXX_LANGUAGE_STANDARD = "gnu++0x";
				CLANG_CXX_LIBRARY = "libc++";
				CLANG_ENABLE_MODULES = YES;
				CLANG_ENABLE_OBJC_ARC = YES;
				CLANG_WARN_BOOL_CONVERSION = YES;
				CLANG_WARN_CONSTANT_CONVERSION = YES;
				CLANG_WARN_DIRECT_OBJC_ISA_USAGE = YES_ERROR;
				CLANG_WARN_EMPTY_BODY = YES;
				CLANG_WARN_ENUM_CONVERSION = YES;
				CLANG_WARN_INT_CONVERSION = YES;
				CLANG_WARN_OBJC_ROOT_CLASS = YES_ERROR;
				CLANG_WARN_UNREACHABLE_CODE = YES;
				CLANG_WARN__DUPLICATE_METHOD_MATCH = YES;
				"CODE_SIGN_IDENTITY[sdk=iphoneos*]" = "iPhone Developer";
				COPY_PHASE_STRIP = YES;
				ENABLE_NS_ASSERTIONS = NO;
				ENABLE_STRICT_OBJC_MSGSEND = YES;
				GCC_C_LANGUAGE_STANDARD = gnu99;
				GCC_WARN_64_TO_32_BIT_CONVERSION = YES;
				GCC_WARN_ABOUT_RETURN_TYPE = YES_ERROR;
				GCC_WARN_UNDECLARED_SELECTOR = YES;
				GCC_WARN_UNINITIALIZED_AUTOS = YES_AGGRESSIVE;
				GCC_WARN_UNUSED_FUNCTION = YES;
				GCC_WARN_UNUSED_VARIABLE = YES;
				IPHONEOS_DEPLOYMENT_TARGET = 8.1;
				MTL_ENABLE_DEBUG_INFO = NO;
				SDKROOT = iphoneos;
				TARGETED_DEVICE_FAMILY = "1,2";
				VALIDATE_PRODUCT = YES;
			};
			name = Release;
		};
		C0DAD4CE1A3E7F9F00BE24A8 /* Debug */ = {
			isa = XCBuildConfiguration;
			buildSettings = {
				ASSETCATALOG_COMPILER_APPICON_NAME = AppIcon;
				INFOPLIST_FILE = instabtbu/Info.plist;
				LD_RUNPATH_SEARCH_PATHS = "$(inherited) @executable_path/Frameworks";
				PRODUCT_NAME = "$(TARGET_NAME)";
			};
			name = Debug;
		};
		C0DAD4CF1A3E7F9F00BE24A8 /* Release */ = {
			isa = XCBuildConfiguration;
			buildSettings = {
				ASSETCATALOG_COMPILER_APPICON_NAME = AppIcon;
				INFOPLIST_FILE = instabtbu/Info.plist;
				LD_RUNPATH_SEARCH_PATHS = "$(inherited) @executable_path/Frameworks";
				PRODUCT_NAME = "$(TARGET_NAME)";
			};
			name = Release;
		};
		C0DAD4D11A3E7F9F00BE24A8 /* Debug */ = {
			isa = XCBuildConfiguration;
			buildSettings = {
				BUNDLE_LOADER = "$(TEST_HOST)";
				FRAMEWORK_SEARCH_PATHS = (
					"$(SDKROOT)/Developer/Library/Frameworks",
					"$(inherited)",
				);
				GCC_PREPROCESSOR_DEFINITIONS = (
					"DEBUG=1",
					"$(inherited)",
				);
				INFOPLIST_FILE = instabtbuTests/Info.plist;
				LD_RUNPATH_SEARCH_PATHS = "$(inherited) @executable_path/Frameworks @loader_path/Frameworks";
				PRODUCT_NAME = "$(TARGET_NAME)";
				TEST_HOST = "$(BUILT_PRODUCTS_DIR)/instabtbu.app/instabtbu";
			};
			name = Debug;
		};
		C0DAD4D21A3E7F9F00BE24A8 /* Release */ = {
			isa = XCBuildConfiguration;
			buildSettings = {
				BUNDLE_LOADER = "$(TEST_HOST)";
				FRAMEWORK_SEARCH_PATHS = (
					"$(SDKROOT)/Developer/Library/Frameworks",
					"$(inherited)",
				);
				INFOPLIST_FILE = instabtbuTests/Info.plist;
				LD_RUNPATH_SEARCH_PATHS = "$(inherited) @executable_path/Frameworks @loader_path/Frameworks";
				PRODUCT_NAME = "$(TARGET_NAME)";
				TEST_HOST = "$(BUILT_PRODUCTS_DIR)/instabtbu.app/instabtbu";
			};
			name = Release;
		};
/* End XCBuildConfiguration section */

/* Begin XCConfigurationList section */
		C0DAD4A91A3E7F9F00BE24A8 /* Build configuration list for PBXProject "instabtbu" */ = {
			isa = XCConfigurationList;
			buildConfigurations = (
				C0DAD4CB1A3E7F9F00BE24A8 /* Debug */,
				C0DAD4CC1A3E7F9F00BE24A8 /* Release */,
			);
			defaultConfigurationIsVisible = 0;
			defaultConfigurationName = Release;
		};
		C0DAD4CD1A3E7F9F00BE24A8 /* Build configuration list for PBXNativeTarget "instabtbu" */ = {
			isa = XCConfigurationList;
			buildConfigurations = (
				C0DAD4CE1A3E7F9F00BE24A8 /* Debug */,
				C0DAD4CF1A3E7F9F00BE24A8 /* Release */,
			);
			defaultConfigurationIsVisible = 0;
		};
		C0DAD4D01A3E7F9F00BE24A8 /* Build configuration list for PBXNativeTarget "instabtbuTests" */ = {
			isa = XCConfigurationList;
			buildConfigurations = (
				C0DAD4D11A3E7F9F00BE24A8 /* Debug */,
				C0DAD4D21A3E7F9F00BE24A8 /* Release */,
			);
			defaultConfigurationIsVisible = 0;
		};
/* End XCConfigurationList section */
	};
	rootObject = C0DAD4A61A3E7F9F00BE24A8 /* Project object */;
}
